
Microsoft Visual Studio Solution File, Format Version 12.00
# Visual Studio Version 17
VisualStudioVersion = 17.6.33815.320
MinimumVisualStudioVersion = 10.0.40219.1
Project("{FAE04EC0-301F-11D3-BF4B-00C04F79EFBC}") = "Chocoworld", "Chocoworld\Chocoworld.csproj", "{B00BB58F-288E-44CF-BA1B-6E6B161702E5}"
EndProject
Global
	GlobalSection(SolutionConfigurationPlatforms) = preSolution
		Debug|Any CPU = Debug|Any CPU
		Release|Any CPU = Release|Any CPU
	EndGlobalSection
	GlobalSection(ProjectConfigurationPlatforms) = postSolution
		{B00BB58F-288E-44CF-BA1B-6E6B161702E5}.Debug|Any CPU.ActiveCfg = Debug|Any CPU
		{B00BB58F-288E-44CF-BA1B-6E6B161702E5}.Debug|Any CPU.Build.0 = Debug|Any CPU
		{B00BB58F-288E-44CF-BA1B-6E6B161702E5}.Release|Any CPU.ActiveCfg = Release|Any CPU
		{B00BB58F-288E-44CF-BA1B-6E6B161702E5}.Release|Any CPU.Build.0 = Release|Any CPU
	EndGlobalSection
	GlobalSection(SolutionProperties) = preSolution
		HideSolutionNode = FALSE
	EndGlobalSection
	GlobalSection(ExtensibilityGlobals) = postSolution
		SolutionGuid = {E41D4021-38A0-4FFF-9A61-52DB0C44CA2E}
	EndGlobalSection
EndGlobal
